{
  "name": "palavrix",
  "version": "1.0.0",
  "lockfileVersion": 3,
  "requires": true,
  "packages": {
    "": {
      "name": "palavrix",
      "version": "1.0.0",
      "license": "ISC",
      "dependencies": {
        "dictionary-pt": "^4.0.0"
      }
    },
    "node_modules/dictionary-pt": {
      "version": "4.0.0",
      "resolved": "https://registry.npmjs.org/dictionary-pt/-/dictionary-pt-4.0.0.tgz",
      "integrity": "sha512-ryJRhAtsaunBWw9grYXmVFftfab8+BCQ5wwh7fUzWO0oYEeMuR1lW2ubu1AHdvxOL32XP+u5wW/XhbFuoFuq8Q==",
      "license": "(LGPL-3.0 OR MPL-2.0)",
      "funding": {
        "type": "github",
        "url": "https://github.com/sponsors/wooorm"
      }
    }
  }
}
